
Microsoft Visual Studio Solution File, Format Version 12.00
# Visual Studio 2015
Project("{FAE04EC0-301F-11D3-BF4B-00C04F79EFBC}") = "LD34.CSharp", "LD34.CSharp.csproj", "{285E08C5-5D40-1121-92DB-4376EAF859DA}"
EndProject
Global
	GlobalSection(SolutionConfigurationPlatforms) = preSolution
		Debug|Any CPU = Debug|Any CPU
		Release|Any CPU = Release|Any CPU
	EndGlobalSection
	GlobalSection(ProjectConfigurationPlatforms) = postSolution
		{285E08C5-5D40-1121-92DB-4376EAF859DA}.Debug|Any CPU.ActiveCfg = Debug|Any CPU
		{285E08C5-5D40-1121-92DB-4376EAF859DA}.Debug|Any CPU.Build.0 = Debug|Any CPU
		{285E08C5-5D40-1121-92DB-4376EAF859DA}.Release|Any CPU.ActiveCfg = Release|Any CPU
		{285E08C5-5D40-1121-92DB-4376EAF859DA}.Release|Any CPU.Build.0 = Release|Any CPU
	EndGlobalSection
	GlobalSection(SolutionProperties) = preSolution
		HideSolutionNode = FALSE
	EndGlobalSection
EndGlobal
